// !$*UTF8*$!
{
	archiveVersion = 1;
	classes = {
	};
	objectVersion = 46;
	objects = {

/* Begin PBXBuildFile section */
		3FB85B6C96916A3B54395211 /* libPods.a in Frameworks */ = {isa = PBXBuildFile; fileRef = D939F92F7C9199759E52CD66 /* libPods.a */; };
		EC0691C01C23822500C1417F /* main.jsbundle in Resources */ = {isa = PBXBuildFile; fileRef = EC0691BF1C23822500C1417F /* main.jsbundle */; };
		ECCFE67C1C23675800C10835 /* main.m in Sources */ = {isa = PBXBuildFile; fileRef = ECCFE67B1C23675800C10835 /* main.m */; };
		ECCFE67F1C23675800C10835 /* AppDelegate.m in Sources */ = {isa = PBXBuildFile; fileRef = ECCFE67E1C23675800C10835 /* AppDelegate.m */; };
		ECCFE6871C23675800C10835 /* Assets.xcassets in Resources */ = {isa = PBXBuildFile; fileRef = ECCFE6861C23675800C10835 /* Assets.xcassets */; };
		ECCFE68A1C23675800C10835 /* LaunchScreen.storyboard in Resources */ = {isa = PBXBuildFile; fileRef = ECCFE6881C23675800C10835 /* LaunchScreen.storyboard */; };
		ECCFE6921C2367E500C10835 /* Home.storyboard in Resources */ = {isa = PBXBuildFile; fileRef = ECCFE6911C2367E500C10835 /* Home.storyboard */; };
		ECCFE6951C23680B00C10835 /* HomeViewController.m in Sources */ = {isa = PBXBuildFile; fileRef = ECCFE6941C23680B00C10835 /* HomeViewController.m */; };
		ECCFE6981C236E1600C10835 /* ReactNativeObjCViewController.m in Sources */ = {isa = PBXBuildFile; fileRef = ECCFE6971C236E1600C10835 /* ReactNativeObjCViewController.m */; };
		ECCFE69B1C236E2F00C10835 /* ReactNativeSwiftViewController.swift in Sources */ = {isa = PBXBuildFile; fileRef = ECCFE69A1C236E2F00C10835 /* ReactNativeSwiftViewController.swift */; };
		ECCFE6A11C2371C500C10835 /* ReactNativeViewObjC.m in Sources */ = {isa = PBXBuildFile; fileRef = ECCFE6A01C2371C500C10835 /* ReactNativeViewObjC.m */; };
		ECCFE6A31C2371D600C10835 /* ReactNativeViewSwift.swift in Sources */ = {isa = PBXBuildFile; fileRef = ECCFE6A21C2371D600C10835 /* ReactNativeViewSwift.swift */; };
/* End PBXBuildFile section */

/* Begin PBXFileReference section */
		61AF01E09727E779AC6603FA /* Pods.debug.xcconfig */ = {isa = PBXFileReference; includeInIndex = 1; lastKnownFileType = text.xcconfig; name = Pods.debug.xcconfig; path = "Pods/Target Support Files/Pods/Pods.debug.xcconfig"; sourceTree = "<group>"; };
		D939F92F7C9199759E52CD66 /* libPods.a */ = {isa = PBXFileReference; explicitFileType = archive.ar; includeInIndex = 0; path = libPods.a; sourceTree = BUILT_PRODUCTS_DIR; };
		EC0691BF1C23822500C1417F /* main.jsbundle */ = {isa = PBXFileReference; fileEncoding = 4; lastKnownFileType = text; path = main.jsbundle; sourceTree = SOURCE_ROOT; };
		ECCFE6771C23675800C10835 /* ReactNativeExample.app */ = {isa = PBXFileReference; explicitFileType = wrapper.application; includeInIndex = 0; path = ReactNativeExample.app; sourceTree = BUILT_PRODUCTS_DIR; };
		ECCFE67B1C23675800C10835 /* main.m */ = {isa = PBXFileReference; lastKnownFileType = sourcecode.c.objc; path = main.m; sourceTree = "<group>"; };
		ECCFE67D1C23675800C10835 /* AppDelegate.h */ = {isa = PBXFileReference; lastKnownFileType = sourcecode.c.h; path = AppDelegate.h; sourceTree = "<group>"; };
		ECCFE67E1C23675800C10835 /* AppDelegate.m */ = {isa = PBXFileReference; lastKnownFileType = sourcecode.c.objc; path = AppDelegate.m; sourceTree = "<group>"; };
		ECCFE6861C23675800C10835 /* Assets.xcassets */ = {isa = PBXFileReference; lastKnownFileType = folder.assetcatalog; path = Assets.xcassets; sourceTree = "<group>"; };
		ECCFE6891C23675800C10835 /* Base */ = {isa = PBXFileReference; lastKnownFileType = file.storyboard; name = Base; path = Base.lproj/LaunchScreen.storyboard; sourceTree = "<group>"; };
		ECCFE68B1C23675800C10835 /* Info.plist */ = {isa = PBXFileReference; lastKnownFileType = text.plist.xml; path = Info.plist; sourceTree = "<group>"; };
		ECCFE6911C2367E500C10835 /* Home.storyboard */ = {isa = PBXFileReference; fileEncoding = 4; lastKnownFileType = file.storyboard; path = Home.storyboard; sourceTree = "<group>"; };
		ECCFE6931C23680B00C10835 /* HomeViewController.h */ = {isa = PBXFileReference; fileEncoding = 4; lastKnownFileType = sourcecode.c.h; path = HomeViewController.h; sourceTree = "<group>"; };
		ECCFE6941C23680B00C10835 /* HomeViewController.m */ = {isa = PBXFileReference; fileEncoding = 4; lastKnownFileType = sourcecode.c.objc; path = HomeViewController.m; sourceTree = "<group>"; };
		ECCFE6961C236E1600C10835 /* ReactNativeObjCViewController.h */ = {isa = PBXFileReference; fileEncoding = 4; lastKnownFileType = sourcecode.c.h; path = ReactNativeObjCViewController.h; sourceTree = "<group>"; };
		ECCFE6971C236E1600C10835 /* ReactNativeObjCViewController.m */ = {isa = PBXFileReference; fileEncoding = 4; lastKnownFileType = sourcecode.c.objc; path = ReactNativeObjCViewController.m; sourceTree = "<group>"; };
		ECCFE6991C236E2F00C10835 /* ReactNativeExample-Bridging-Header.h */ = {isa = PBXFileReference; lastKnownFileType = sourcecode.c.h; path = "ReactNativeExample-Bridging-Header.h"; sourceTree = "<group>"; };
		ECCFE69A1C236E2F00C10835 /* ReactNativeSwiftViewController.swift */ = {isa = PBXFileReference; fileEncoding = 4; lastKnownFileType = sourcecode.swift; path = ReactNativeSwiftViewController.swift; sourceTree = "<group>"; };
		ECCFE69F1C2371C500C10835 /* ReactNativeViewObjC.h */ = {isa = PBXFileReference; fileEncoding = 4; lastKnownFileType = sourcecode.c.h; path = ReactNativeViewObjC.h; sourceTree = "<group>"; };
		ECCFE6A01C2371C500C10835 /* ReactNativeViewObjC.m */ = {isa = PBXFileReference; fileEncoding = 4; lastKnownFileType = sourcecode.c.objc; path = ReactNativeViewObjC.m; sourceTree = "<group>"; };
		ECCFE6A21C2371D600C10835 /* ReactNativeViewSwift.swift */ = {isa = PBXFileReference; fileEncoding = 4; lastKnownFileType = sourcecode.swift; path = ReactNativeViewSwift.swift; sourceTree = "<group>"; };
		EEE4754800DB2F80FF384541 /* Pods.release.xcconfig */ = {isa = PBXFileReference; includeInIndex = 1; lastKnownFileType = text.xcconfig; name = Pods.release.xcconfig; path = "Pods/Target Support Files/Pods/Pods.release.xcconfig"; sourceTree = "<group>"; };
/* End PBXFileReference section */

/* Begin PBXFrameworksBuildPhase section */
		ECCFE6741C23675800C10835 /* Frameworks */ = {
			isa = PBXFrameworksBuildPhase;
			buildActionMask = 2147483647;
			files = (
				3FB85B6C96916A3B54395211 /* libPods.a in Frameworks */,
			);
			runOnlyForDeploymentPostprocessing = 0;
		};
/* End PBXFrameworksBuildPhase section */

/* Begin PBXGroup section */
		011DB1175A94D67EEFFA041A /* Pods */ = {
			isa = PBXGroup;
			children = (
				61AF01E09727E779AC6603FA /* Pods.debug.xcconfig */,
				EEE4754800DB2F80FF384541 /* Pods.release.xcconfig */,
			);
			name = Pods;
			sourceTree = "<group>";
		};
		AE8BBF22BE4CB71F6A5EDE31 /* Frameworks */ = {
			isa = PBXGroup;
			children = (
				D939F92F7C9199759E52CD66 /* libPods.a */,
			);
			name = Frameworks;
			sourceTree = "<group>";
		};
		ECCFE66E1C23675800C10835 = {
			isa = PBXGroup;
			children = (
				ECCFE6791C23675800C10835 /* ReactNativeExample */,
				ECCFE6781C23675800C10835 /* Products */,
				011DB1175A94D67EEFFA041A /* Pods */,
				AE8BBF22BE4CB71F6A5EDE31 /* Frameworks */,
			);
			sourceTree = "<group>";
		};
		ECCFE6781C23675800C10835 /* Products */ = {
			isa = PBXGroup;
			children = (
				ECCFE6771C23675800C10835 /* ReactNativeExample.app */,
			);
			name = Products;
			sourceTree = "<group>";
		};
		ECCFE6791C23675800C10835 /* ReactNativeExample */ = {
			isa = PBXGroup;
			children = (
				EC0691BF1C23822500C1417F /* main.jsbundle */,
				ECCFE67D1C23675800C10835 /* AppDelegate.h */,
				ECCFE67E1C23675800C10835 /* AppDelegate.m */,
				ECCFE6861C23675800C10835 /* Assets.xcassets */,
				ECCFE6881C23675800C10835 /* LaunchScreen.storyboard */,
				ECCFE68B1C23675800C10835 /* Info.plist */,
				ECCFE67A1C23675800C10835 /* Supporting Files */,
				ECCFE6911C2367E500C10835 /* Home.storyboard */,
				ECCFE6931C23680B00C10835 /* HomeViewController.h */,
				ECCFE6941C23680B00C10835 /* HomeViewController.m */,
				ECCFE6961C236E1600C10835 /* ReactNativeObjCViewController.h */,
				ECCFE6971C236E1600C10835 /* ReactNativeObjCViewController.m */,
				ECCFE69A1C236E2F00C10835 /* ReactNativeSwiftViewController.swift */,
				ECCFE6991C236E2F00C10835 /* ReactNativeExample-Bridging-Header.h */,
				ECCFE69F1C2371C500C10835 /* ReactNativeViewObjC.h */,
				ECCFE6A01C2371C500C10835 /* ReactNativeViewObjC.m */,
				ECCFE6A21C2371D600C10835 /* ReactNativeViewSwift.swift */,
			);
			path = ReactNativeExample;
			sourceTree = "<group>";
		};
		ECCFE67A1C23675800C10835 /* Supporting Files */ = {
			isa = PBXGroup;
			children = (
				ECCFE67B1C23675800C10835 /* main.m */,
			);
			name = "Supporting Files";
			sourceTree = "<group>";
		};
/* End PBXGroup section */

/* Begin PBXNativeTarget section */
		ECCFE6761C23675800C10835 /* ReactNativeExample */ = {
			isa = PBXNativeTarget;
			buildConfigurationList = ECCFE68E1C23675800C10835 /* Build configuration list for PBXNativeTarget "ReactNativeExample" */;
			buildPhases = (
				7768E60E75AF0F98C6D4FE59 /* Check Pods Manifest.lock */,
				ECCFE6731C23675800C10835 /* Sources */,
				ECCFE6741C23675800C10835 /* Frameworks */,
				ECCFE6751C23675800C10835 /* Resources */,
				111765208ABA972DCAFDB9AC /* Copy Pods Resources */,
			);
			buildRules = (
			);
			dependencies = (
			);
			name = ReactNativeExample;
			productName = ReactNativeExample;
			productReference = ECCFE6771C23675800C10835 /* ReactNativeExample.app */;
			productType = "com.apple.product-type.application";
		};
/* End PBXNativeTarget section */

/* Begin PBXProject section */
		ECCFE66F1C23675800C10835 /* Project object */ = {
			isa = PBXProject;
			attributes = {
				LastUpgradeCheck = 0710;
				ORGANIZATIONNAME = Delivery;
				TargetAttributes = {
					ECCFE6761C23675800C10835 = {
						CreatedOnToolsVersion = 7.1;
					};
				};
			};
			buildConfigurationList = ECCFE6721C23675800C10835 /* Build configuration list for PBXProject "ReactNativeExample" */;
			compatibilityVersion = "Xcode 3.2";
			developmentRegion = English;
			hasScannedForEncodings = 0;
			knownRegions = (
				en,
				Base,
			);
			mainGroup = ECCFE66E1C23675800C10835;
			productRefGroup = ECCFE6781C23675800C10835 /* Products */;
			projectDirPath = "";
			projectRoot = "";
			targets = (
				ECCFE6761C23675800C10835 /* ReactNativeExample */,
			);
		};
/* End PBXProject section */

/* Begin PBXResourcesBuildPhase section */
		ECCFE6751C23675800C10835 /* Resources */ = {
			isa = PBXResourcesBuildPhase;
			buildActionMask = 2147483647;
			files = (
				ECCFE6921C2367E500C10835 /* Home.storyboard in Resources */,
				ECCFE68A1C23675800C10835 /* LaunchScreen.storyboard in Resources */,
				ECCFE6871C23675800C10835 /* Assets.xcassets in Resources */,
				EC0691C01C23822500C1417F /* main.jsbundle in Resources */,
			);
			runOnlyForDeploymentPostprocessing = 0;
		};
/* End PBXResourcesBuildPhase section */

/* Begin PBXShellScriptBuildPhase section */
		111765208ABA972DCAFDB9AC /* Copy Pods Resources */ = {
			isa = PBXShellScriptBuildPhase;
			buildActionMask = 2147483647;
			files = (
			);
			inputPaths = (
			);
			name = "Copy Pods Resources";
			outputPaths = (
			);
			runOnlyForDeploymentPostprocessing = 0;
			shellPath = /bin/sh;
			shellScript = "\"${SRCROOT}/Pods/Target Support Files/Pods/Pods-resources.sh\"\n";
			showEnvVarsInLog = 0;
		};
		7768E60E75AF0F98C6D4FE59 /* Check Pods Manifest.lock */ = {
			isa = PBXShellScriptBuildPhase;
			buildActionMask = 2147483647;
			files = (
			);
			inputPaths = (
			);
			name = "Check Pods Manifest.lock";
			outputPaths = (
			);
			runOnlyForDeploymentPostprocessing = 0;
			shellPath = /bin/sh;
			shellScript = "diff \"${PODS_ROOT}/../Podfile.lock\" \"${PODS_ROOT}/Manifest.lock\" > /dev/null\nif [[ $? != 0 ]] ; then\n    cat << EOM\nerror: The sandbox is not in sync with the Podfile.lock. Run 'pod install' or update your CocoaPods installation.\nEOM\n    exit 1\nfi\n";
			showEnvVarsInLog = 0;
		};
/* End PBXShellScriptBuildPhase section */

/* Begin PBXSourcesBuildPhase section */
		ECCFE6731C23675800C10835 /* Sources */ = {
			isa = PBXSourcesBuildPhase;
			buildActionMask = 2147483647;
			files = (
				ECCFE67F1C23675800C10835 /* AppDelegate.m in Sources */,
				ECCFE6981C236E1600C10835 /* ReactNativeObjCViewController.m in Sources */,
				ECCFE67C1C23675800C10835 /* main.m in Sources */,
				ECCFE6A11C2371C500C10835 /* ReactNativeViewObjC.m in Sources */,
				ECCFE6A31C2371D600C10835 /* ReactNativeViewSwift.swift in Sources */,
				ECCFE69B1C236E2F00C10835 /* ReactNativeSwiftViewController.swift in Sources */,
				ECCFE6951C23680B00C10835 /* HomeViewController.m in Sources */,
			);
			runOnlyForDeploymentPostprocessing = 0;
		};
/* End PBXSourcesBuildPhase section */

/* Begin PBXVariantGroup section */
		ECCFE6881C23675800C10835 /* LaunchScreen.storyboard */ = {
			isa = PBXVariantGroup;
			children = (
				ECCFE6891C23675800C10835 /* Base */,
			);
			name = LaunchScreen.storyboard;
			sourceTree = "<group>";
		};
/* End PBXVariantGroup section */

/* Begin XCBuildConfiguration section */
		ECCFE68C1C23675800C10835 /* Debug */ = {
			isa = XCBuildConfiguration;
			buildSettings = {
				ALWAYS_SEARCH_USER_PATHS = NO;
				CLANG_CXX_LANGUAGE_STANDARD = "gnu++0x";
				CLANG_CXX_LIBRARY = "libc++";
				CLANG_ENABLE_MODULES = YES;
				CLANG_ENABLE_OBJC_ARC = YES;
				CLANG_WARN_BOOL_CONVERSION = YES;
				CLANG_WARN_CONSTANT_CONVERSION = YES;
				CLANG_WARN_DIRECT_OBJC_ISA_USAGE = YES_ERROR;
				CLANG_WARN_EMPTY_BODY = YES;
				CLANG_WARN_ENUM_CONVERSION = YES;
				CLANG_WARN_INT_CONVERSION = YES;
				CLANG_WARN_OBJC_ROOT_CLASS = YES_ERROR;
				CLANG_WARN_UNREACHABLE_CODE = YES;
				CLANG_WARN__DUPLICATE_METHOD_MATCH = YES;
				"CODE_SIGN_IDENTITY[sdk=iphoneos*]" = "iPhone Developer";
				COPY_PHASE_STRIP = NO;
				DEBUG_INFORMATION_FORMAT = dwarf;
				ENABLE_STRICT_OBJC_MSGSEND = YES;
				ENABLE_TESTABILITY = YES;
				GCC_C_LANGUAGE_STANDARD = gnu99;
				GCC_DYNAMIC_NO_PIC = NO;
				GCC_NO_COMMON_BLOCKS = YES;
				GCC_OPTIMIZATION_LEVEL = 0;
				GCC_PREPROCESSOR_DEFINITIONS = (
					"DEBUG=1",
					"$(inherited)",
				);
				GCC_WARN_64_TO_32_BIT_CONVERSION = YES;
				GCC_WARN_ABOUT_RETURN_TYPE = YES_ERROR;
				GCC_WARN_UNDECLARED_SELECTOR = YES;
				GCC_WARN_UNINITIALIZED_AUTOS = YES_AGGRESSIVE;
				GCC_WARN_UNUSED_FUNCTION = YES;
				GCC_WARN_UNUSED_VARIABLE = YES;
				IPHONEOS_DEPLOYMENT_TARGET = 9.1;
				MTL_ENABLE_DEBUG_INFO = YES;
				ONLY_ACTIVE_ARCH = YES;
				SDKROOT = iphoneos;
				TARGETED_DEVICE_FAMILY = "1,2";
			};
			name = Debug;
		};
		ECCFE68D1C23675800C10835 /* Release */ = {
			isa = XCBuildConfiguration;
			buildSettings = {
				ALWAYS_SEARCH_USER_PATHS = NO;
				CLANG_CXX_LANGUAGE_STANDARD = "gnu++0x";
				CLANG_CXX_LIBRARY = "libc++";
				CLANG_ENABLE_MODULES = YES;
				CLANG_ENABLE_OBJC_ARC = YES;
				CLANG_WARN_BOOL_CONVERSION = YES;
				CLANG_WARN_CONSTANT_CONVERSION = YES;
				CLANG_WARN_DIRECT_OBJC_ISA_USAGE = YES_ERROR;
				CLANG_WARN_EMPTY_BODY = YES;
				CLANG_WARN_ENUM_CONVERSION = YES;
				CLANG_WARN_INT_CONVERSION = YES;
				CLANG_WARN_OBJC_ROOT_CLASS = YES_ERROR;
				CLANG_WARN_UNREACHABLE_CODE = YES;
				CLANG_WARN__DUPLICATE_METHOD_MATCH = YES;
				"CODE_SIGN_IDENTITY[sdk=iphoneos*]" = "iPhone Developer";
				COPY_PHASE_STRIP = NO;
				DEBUG_INFORMATION_FORMAT = "dwarf-with-dsym";
				ENABLE_NS_ASSERTIONS = NO;
				ENABLE_STRICT_OBJC_MSGSEND = YES;
				GCC_C_LANGUAGE_STANDARD = gnu99;
				GCC_NO_COMMON_BLOCKS = YES;
				GCC_WARN_64_TO_32_BIT_CONVERSION = YES;
				GCC_WARN_ABOUT_RETURN_TYPE = YES_ERROR;
				GCC_WARN_UNDECLARED_SELECTOR = YES;
				GCC_WARN_UNINITIALIZED_AUTOS = YES_AGGRESSIVE;
				GCC_WARN_UNUSED_FUNCTION = YES;
				GCC_WARN_UNUSED_VARIABLE = YES;
				IPHONEOS_DEPLOYMENT_TARGET = 9.1;
				MTL_ENABLE_DEBUG_INFO = NO;
				SDKROOT = iphoneos;
				TARGETED_DEVICE_FAMILY = "1,2";
				VALIDATE_PRODUCT = YES;
			};
			name = Release;
		};
		ECCFE68F1C23675800C10835 /* Debug */ = {
			isa = XCBuildConfiguration;
			baseConfigurationReference = 61AF01E09727E779AC6603FA /* Pods.debug.xcconfig */;
			buildSettings = {
				ASSETCATALOG_COMPILER_APPICON_NAME = AppIcon;
				CLANG_ENABLE_MODULES = YES;
				INFOPLIST_FILE = ReactNativeExample/Info.plist;
				LD_RUNPATH_SEARCH_PATHS = "$(inherited) @executable_path/Frameworks";
				PRODUCT_BUNDLE_IDENTIFIER = com.Delivery.ReactNativeExample;
				PRODUCT_NAME = "$(TARGET_NAME)";
				SWIFT_OBJC_BRIDGING_HEADER = "ReactNativeExample/ReactNativeExample-Bridging-Header.h";
				SWIFT_OPTIMIZATION_LEVEL = "-Onone";
			};
			name = Debug;
		};
		ECCFE6901C23675800C10835 /* Release */ = {
			isa = XCBuildConfiguration;
			baseConfigurationReference = EEE4754800DB2F80FF384541 /* Pods.release.xcconfig */;
			buildSettings = {
				ASSETCATALOG_COMPILER_APPICON_NAME = AppIcon;
				CLANG_ENABLE_MODULES = YES;
				INFOPLIST_FILE = ReactNativeExample/Info.plist;
				LD_RUNPATH_SEARCH_PATHS = "$(inherited) @executable_path/Frameworks";
				PRODUCT_BUNDLE_IDENTIFIER = com.Delivery.ReactNativeExample;
				PRODUCT_NAME = "$(TARGET_NAME)";
				SWIFT_OBJC_BRIDGING_HEADER = "ReactNativeExample/ReactNativeExample-Bridging-Header.h";
			};
			name = Release;
		};
/* End XCBuildConfiguration section */

/* Begin XCConfigurationList section */
		ECCFE6721C23675800C10835 /* Build configuration list for PBXProject "ReactNativeExample" */ = {
			isa = XCConfigurationList;
			buildConfigurations = (
				ECCFE68C1C23675800C10835 /* Debug */,
				ECCFE68D1C23675800C10835 /* Release */,
			);
			defaultConfigurationIsVisible = 0;
			defaultConfigurationName = Release;
		};
		ECCFE68E1C23675800C10835 /* Build configuration list for PBXNativeTarget "ReactNativeExample" */ = {
			isa = XCConfigurationList;
			buildConfigurations = (
				ECCFE68F1C23675800C10835 /* Debug */,
				ECCFE6901C23675800C10835 /* Release */,
			);
			defaultConfigurationIsVisible = 0;
			defaultConfigurationName = Release;
		};
/* End XCConfigurationList section */
	};
	rootObject = ECCFE66F1C23675800C10835 /* Project object */;
}
